
Microsoft Visual Studio Solution File, Format Version 12.00
# Visual Studio 2015
Project("{FAE04EC0-301F-11D3-BF4B-00C04F79EFBC}") = "Proyecto Motores 2", "Proyecto Motores 2.csproj", "{EA066C16-C0E6-DB23-52ED-F7CAC4A5E9B6}"
EndProject
Project("{FAE04EC0-301F-11D3-BF4B-00C04F79EFBC}") = "Proyecto Motores 2.Editor", "Proyecto Motores 2.Editor.csproj", "{4E77E2F0-A417-0702-CBAD-73FCA542D822}"
EndProject
Global
	GlobalSection(SolutionConfigurationPlatforms) = preSolution
		Debug|Any CPU = Debug|Any CPU
		Release|Any CPU = Release|Any CPU
	EndGlobalSection
	GlobalSection(ProjectConfigurationPlatforms) = postSolution
		{EA066C16-C0E6-DB23-52ED-F7CAC4A5E9B6}.Debug|Any CPU.ActiveCfg = Debug|Any CPU
		{EA066C16-C0E6-DB23-52ED-F7CAC4A5E9B6}.Debug|Any CPU.Build.0 = Debug|Any CPU
		{EA066C16-C0E6-DB23-52ED-F7CAC4A5E9B6}.Release|Any CPU.ActiveCfg = Release|Any CPU
		{EA066C16-C0E6-DB23-52ED-F7CAC4A5E9B6}.Release|Any CPU.Build.0 = Release|Any CPU
		{4E77E2F0-A417-0702-CBAD-73FCA542D822}.Debug|Any CPU.ActiveCfg = Debug|Any CPU
		{4E77E2F0-A417-0702-CBAD-73FCA542D822}.Debug|Any CPU.Build.0 = Debug|Any CPU
		{4E77E2F0-A417-0702-CBAD-73FCA542D822}.Release|Any CPU.ActiveCfg = Release|Any CPU
		{4E77E2F0-A417-0702-CBAD-73FCA542D822}.Release|Any CPU.Build.0 = Release|Any CPU
	EndGlobalSection
	GlobalSection(SolutionProperties) = preSolution
		HideSolutionNode = FALSE
	EndGlobalSection
EndGlobal
