
Microsoft Visual Studio Solution File, Format Version 12.00
# Visual Studio 2015
Project("{FAE04EC0-301F-11D3-BF4B-00C04F79EFBC}") = "Proyecto Motores 2.CSharp", "Proyecto Motores 2.CSharp.csproj", "{687DB887-E76C-3C9B-8328-60ECAC5433A0}"
EndProject
Project("{FAE04EC0-301F-11D3-BF4B-00C04F79EFBC}") = "Proyecto Motores 2.CSharp.Editor", "Proyecto Motores 2.CSharp.Editor.csproj", "{0595083E-7AF0-BC4E-5462-74ACABEA0773}"
EndProject
Global
	GlobalSection(SolutionConfigurationPlatforms) = preSolution
		Debug|Any CPU = Debug|Any CPU
		Release|Any CPU = Release|Any CPU
	EndGlobalSection
	GlobalSection(ProjectConfigurationPlatforms) = postSolution
		{687DB887-E76C-3C9B-8328-60ECAC5433A0}.Debug|Any CPU.ActiveCfg = Debug|Any CPU
		{687DB887-E76C-3C9B-8328-60ECAC5433A0}.Debug|Any CPU.Build.0 = Debug|Any CPU
		{687DB887-E76C-3C9B-8328-60ECAC5433A0}.Release|Any CPU.ActiveCfg = Release|Any CPU
		{687DB887-E76C-3C9B-8328-60ECAC5433A0}.Release|Any CPU.Build.0 = Release|Any CPU
		{0595083E-7AF0-BC4E-5462-74ACABEA0773}.Debug|Any CPU.ActiveCfg = Debug|Any CPU
		{0595083E-7AF0-BC4E-5462-74ACABEA0773}.Debug|Any CPU.Build.0 = Debug|Any CPU
		{0595083E-7AF0-BC4E-5462-74ACABEA0773}.Release|Any CPU.ActiveCfg = Release|Any CPU
		{0595083E-7AF0-BC4E-5462-74ACABEA0773}.Release|Any CPU.Build.0 = Release|Any CPU
	EndGlobalSection
	GlobalSection(SolutionProperties) = preSolution
		HideSolutionNode = FALSE
	EndGlobalSection
EndGlobal
